
Microsoft Visual Studio Solution File, Format Version 11.00
# Visual Studio 2010
Project("{FAE04EC0-301F-11D3-BF4B-00C04F79EFBC}") = "SpaceCommander", "Assembly-CSharp.csproj", "{338FF743-5F84-5F08-B362-EFFEE6938F9B}"
EndProject
Project("{FAE04EC0-301F-11D3-BF4B-00C04F79EFBC}") = "SpaceCommander", "Assembly-CSharp-firstpass.csproj", "{06367C6F-5D13-9F89-EF6E-0936B45F662F}"
EndProject
Project("{FAE04EC0-301F-11D3-BF4B-00C04F79EFBC}") = "SpaceCommander", "Assembly-CSharp-Editor-firstpass.csproj", "{AB74E059-4772-6ED1-1637-002C6ADD45C1}"
EndProject
Project("{FAE04EC0-301F-11D3-BF4B-00C04F79EFBC}") = "SpaceCommander", "Assembly-CSharp-Editor.csproj", "{09093086-74E9-79CE-8C89-D95F1504406B}"
EndProject
Global
	GlobalSection(SolutionConfigurationPlatforms) = preSolution
		Debug|Any CPU = Debug|Any CPU
		Release|Any CPU = Release|Any CPU
	EndGlobalSection
	GlobalSection(ProjectConfigurationPlatforms) = postSolution
		{338FF743-5F84-5F08-B362-EFFEE6938F9B}.Debug|Any CPU.ActiveCfg = Debug|Any CPU
		{338FF743-5F84-5F08-B362-EFFEE6938F9B}.Debug|Any CPU.Build.0 = Debug|Any CPU
		{338FF743-5F84-5F08-B362-EFFEE6938F9B}.Release|Any CPU.ActiveCfg = Release|Any CPU
		{338FF743-5F84-5F08-B362-EFFEE6938F9B}.Release|Any CPU.Build.0 = Release|Any CPU
		{06367C6F-5D13-9F89-EF6E-0936B45F662F}.Debug|Any CPU.ActiveCfg = Debug|Any CPU
		{06367C6F-5D13-9F89-EF6E-0936B45F662F}.Debug|Any CPU.Build.0 = Debug|Any CPU
		{06367C6F-5D13-9F89-EF6E-0936B45F662F}.Release|Any CPU.ActiveCfg = Release|Any CPU
		{06367C6F-5D13-9F89-EF6E-0936B45F662F}.Release|Any CPU.Build.0 = Release|Any CPU
		{AB74E059-4772-6ED1-1637-002C6ADD45C1}.Debug|Any CPU.ActiveCfg = Debug|Any CPU
		{AB74E059-4772-6ED1-1637-002C6ADD45C1}.Debug|Any CPU.Build.0 = Debug|Any CPU
		{AB74E059-4772-6ED1-1637-002C6ADD45C1}.Release|Any CPU.ActiveCfg = Release|Any CPU
		{AB74E059-4772-6ED1-1637-002C6ADD45C1}.Release|Any CPU.Build.0 = Release|Any CPU
		{09093086-74E9-79CE-8C89-D95F1504406B}.Debug|Any CPU.ActiveCfg = Debug|Any CPU
		{09093086-74E9-79CE-8C89-D95F1504406B}.Debug|Any CPU.Build.0 = Debug|Any CPU
		{09093086-74E9-79CE-8C89-D95F1504406B}.Release|Any CPU.ActiveCfg = Release|Any CPU
		{09093086-74E9-79CE-8C89-D95F1504406B}.Release|Any CPU.Build.0 = Release|Any CPU
	EndGlobalSection
	GlobalSection(SolutionProperties) = preSolution
		HideSolutionNode = FALSE
	EndGlobalSection
	GlobalSection(MonoDevelopProperties) = preSolution
		StartupItem = Assembly-CSharp.csproj
	EndGlobalSection
EndGlobal
